
Microsoft Visual Studio Solution File, Format Version 12.00
# Visual Studio Version 16
VisualStudioVersion = 16.0.31410.357
MinimumVisualStudioVersion = 10.0.40219.1
Project("{FAE04EC0-301F-11D3-BF4B-00C04F79EFBC}") = "StonksCasinoMobile.UWP", "StonksCasinoMobile\StonksCasinoMobile.UWP\StonksCasinoMobile.UWP.csproj", "{8DDB41F5-BBEC-4C5F-BF2C-DB3F27CB711F}"
EndProject
Project("{FAE04EC0-301F-11D3-BF4B-00C04F79EFBC}") = "StonksCasinoMobile.Android", "StonksCasinoMobile\StonksCasinoMobile.Android\StonksCasinoMobile.Android.csproj", "{00423829-1AE2-4588-9BC9-32A8166250D3}"
EndProject
Project("{FAE04EC0-301F-11D3-BF4B-00C04F79EFBC}") = "StonksCasinoMobile", "StonksCasinoMobile\StonksCasinoMobile\StonksCasinoMobile.csproj", "{38BCBF0B-7E0B-41DF-BEE6-2180AB1ADAA7}"
EndProject
Global
	GlobalSection(SolutionConfigurationPlatforms) = preSolution
		Debug|Any CPU = Debug|Any CPU
		Debug|ARM = Debug|ARM
		Debug|x64 = Debug|x64
		Debug|x86 = Debug|x86
		Release|Any CPU = Release|Any CPU
		Release|ARM = Release|ARM
		Release|x64 = Release|x64
		Release|x86 = Release|x86
	EndGlobalSection
	GlobalSection(ProjectConfigurationPlatforms) = postSolution
		{8DDB41F5-BBEC-4C5F-BF2C-DB3F27CB711F}.Debug|Any CPU.ActiveCfg = Debug|x86
		{8DDB41F5-BBEC-4C5F-BF2C-DB3F27CB711F}.Debug|Any CPU.Build.0 = Debug|x86
		{8DDB41F5-BBEC-4C5F-BF2C-DB3F27CB711F}.Debug|Any CPU.Deploy.0 = Debug|x86
		{8DDB41F5-BBEC-4C5F-BF2C-DB3F27CB711F}.Debug|ARM.ActiveCfg = Debug|ARM
		{8DDB41F5-BBEC-4C5F-BF2C-DB3F27CB711F}.Debug|ARM.Build.0 = Debug|ARM
		{8DDB41F5-BBEC-4C5F-BF2C-DB3F27CB711F}.Debug|ARM.Deploy.0 = Debug|ARM
		{8DDB41F5-BBEC-4C5F-BF2C-DB3F27CB711F}.Debug|x64.ActiveCfg = Debug|x64
		{8DDB41F5-BBEC-4C5F-BF2C-DB3F27CB711F}.Debug|x64.Build.0 = Debug|x64
		{8DDB41F5-BBEC-4C5F-BF2C-DB3F27CB711F}.Debug|x64.Deploy.0 = Debug|x64
		{8DDB41F5-BBEC-4C5F-BF2C-DB3F27CB711F}.Debug|x86.ActiveCfg = Debug|x86
		{8DDB41F5-BBEC-4C5F-BF2C-DB3F27CB711F}.Debug|x86.Build.0 = Debug|x86
		{8DDB41F5-BBEC-4C5F-BF2C-DB3F27CB711F}.Debug|x86.Deploy.0 = Debug|x86
		{8DDB41F5-BBEC-4C5F-BF2C-DB3F27CB711F}.Release|Any CPU.ActiveCfg = Release|x86
		{8DDB41F5-BBEC-4C5F-BF2C-DB3F27CB711F}.Release|Any CPU.Build.0 = Release|x86
		{8DDB41F5-BBEC-4C5F-BF2C-DB3F27CB711F}.Release|Any CPU.Deploy.0 = Release|x86
		{8DDB41F5-BBEC-4C5F-BF2C-DB3F27CB711F}.Release|ARM.ActiveCfg = Release|ARM
		{8DDB41F5-BBEC-4C5F-BF2C-DB3F27CB711F}.Release|ARM.Build.0 = Release|ARM
		{8DDB41F5-BBEC-4C5F-BF2C-DB3F27CB711F}.Release|ARM.Deploy.0 = Release|ARM
		{8DDB41F5-BBEC-4C5F-BF2C-DB3F27CB711F}.Release|x64.ActiveCfg = Release|x64
		{8DDB41F5-BBEC-4C5F-BF2C-DB3F27CB711F}.Release|x64.Build.0 = Release|x64
		{8DDB41F5-BBEC-4C5F-BF2C-DB3F27CB711F}.Release|x64.Deploy.0 = Release|x64
		{8DDB41F5-BBEC-4C5F-BF2C-DB3F27CB711F}.Release|x86.ActiveCfg = Release|x86
		{8DDB41F5-BBEC-4C5F-BF2C-DB3F27CB711F}.Release|x86.Build.0 = Release|x86
		{8DDB41F5-BBEC-4C5F-BF2C-DB3F27CB711F}.Release|x86.Deploy.0 = Release|x86
		{00423829-1AE2-4588-9BC9-32A8166250D3}.Debug|Any CPU.ActiveCfg = Debug|Any CPU
		{00423829-1AE2-4588-9BC9-32A8166250D3}.Debug|Any CPU.Build.0 = Debug|Any CPU
		{00423829-1AE2-4588-9BC9-32A8166250D3}.Debug|Any CPU.Deploy.0 = Debug|Any CPU
		{00423829-1AE2-4588-9BC9-32A8166250D3}.Debug|ARM.ActiveCfg = Debug|Any CPU
		{00423829-1AE2-4588-9BC9-32A8166250D3}.Debug|ARM.Build.0 = Debug|Any CPU
		{00423829-1AE2-4588-9BC9-32A8166250D3}.Debug|ARM.Deploy.0 = Debug|Any CPU
		{00423829-1AE2-4588-9BC9-32A8166250D3}.Debug|x64.ActiveCfg = Debug|Any CPU
		{00423829-1AE2-4588-9BC9-32A8166250D3}.Debug|x64.Build.0 = Debug|Any CPU
		{00423829-1AE2-4588-9BC9-32A8166250D3}.Debug|x64.Deploy.0 = Debug|Any CPU
		{00423829-1AE2-4588-9BC9-32A8166250D3}.Debug|x86.ActiveCfg = Debug|Any CPU
		{00423829-1AE2-4588-9BC9-32A8166250D3}.Debug|x86.Build.0 = Debug|Any CPU
		{00423829-1AE2-4588-9BC9-32A8166250D3}.Debug|x86.Deploy.0 = Debug|Any CPU
		{00423829-1AE2-4588-9BC9-32A8166250D3}.Release|Any CPU.ActiveCfg = Release|Any CPU
		{00423829-1AE2-4588-9BC9-32A8166250D3}.Release|Any CPU.Build.0 = Release|Any CPU
		{00423829-1AE2-4588-9BC9-32A8166250D3}.Release|Any CPU.Deploy.0 = Release|Any CPU
		{00423829-1AE2-4588-9BC9-32A8166250D3}.Release|ARM.ActiveCfg = Release|Any CPU
		{00423829-1AE2-4588-9BC9-32A8166250D3}.Release|ARM.Build.0 = Release|Any CPU
		{00423829-1AE2-4588-9BC9-32A8166250D3}.Release|ARM.Deploy.0 = Release|Any CPU
		{00423829-1AE2-4588-9BC9-32A8166250D3}.Release|x64.ActiveCfg = Release|Any CPU
		{00423829-1AE2-4588-9BC9-32A8166250D3}.Release|x64.Build.0 = Release|Any CPU
		{00423829-1AE2-4588-9BC9-32A8166250D3}.Release|x64.Deploy.0 = Release|Any CPU
		{00423829-1AE2-4588-9BC9-32A8166250D3}.Release|x86.ActiveCfg = Release|Any CPU
		{00423829-1AE2-4588-9BC9-32A8166250D3}.Release|x86.Build.0 = Release|Any CPU
		{00423829-1AE2-4588-9BC9-32A8166250D3}.Release|x86.Deploy.0 = Release|Any CPU
		{38BCBF0B-7E0B-41DF-BEE6-2180AB1ADAA7}.Debug|Any CPU.ActiveCfg = Debug|Any CPU
		{38BCBF0B-7E0B-41DF-BEE6-2180AB1ADAA7}.Debug|Any CPU.Build.0 = Debug|Any CPU
		{38BCBF0B-7E0B-41DF-BEE6-2180AB1ADAA7}.Debug|Any CPU.Deploy.0 = Debug|Any CPU
		{38BCBF0B-7E0B-41DF-BEE6-2180AB1ADAA7}.Debug|ARM.ActiveCfg = Debug|Any CPU
		{38BCBF0B-7E0B-41DF-BEE6-2180AB1ADAA7}.Debug|ARM.Build.0 = Debug|Any CPU
		{38BCBF0B-7E0B-41DF-BEE6-2180AB1ADAA7}.Debug|ARM.Deploy.0 = Debug|Any CPU
		{38BCBF0B-7E0B-41DF-BEE6-2180AB1ADAA7}.Debug|x64.ActiveCfg = Debug|Any CPU
		{38BCBF0B-7E0B-41DF-BEE6-2180AB1ADAA7}.Debug|x64.Build.0 = Debug|Any CPU
		{38BCBF0B-7E0B-41DF-BEE6-2180AB1ADAA7}.Debug|x64.Deploy.0 = Debug|Any CPU
		{38BCBF0B-7E0B-41DF-BEE6-2180AB1ADAA7}.Debug|x86.ActiveCfg = Debug|Any CPU
		{38BCBF0B-7E0B-41DF-BEE6-2180AB1ADAA7}.Debug|x86.Build.0 = Debug|Any CPU
		{38BCBF0B-7E0B-41DF-BEE6-2180AB1ADAA7}.Debug|x86.Deploy.0 = Debug|Any CPU
		{38BCBF0B-7E0B-41DF-BEE6-2180AB1ADAA7}.Release|Any CPU.ActiveCfg = Release|Any CPU
		{38BCBF0B-7E0B-41DF-BEE6-2180AB1ADAA7}.Release|Any CPU.Build.0 = Release|Any CPU
		{38BCBF0B-7E0B-41DF-BEE6-2180AB1ADAA7}.Release|Any CPU.Deploy.0 = Release|Any CPU
		{38BCBF0B-7E0B-41DF-BEE6-2180AB1ADAA7}.Release|ARM.ActiveCfg = Release|Any CPU
		{38BCBF0B-7E0B-41DF-BEE6-2180AB1ADAA7}.Release|ARM.Build.0 = Release|Any CPU
		{38BCBF0B-7E0B-41DF-BEE6-2180AB1ADAA7}.Release|ARM.Deploy.0 = Release|Any CPU
		{38BCBF0B-7E0B-41DF-BEE6-2180AB1ADAA7}.Release|x64.ActiveCfg = Release|Any CPU
		{38BCBF0B-7E0B-41DF-BEE6-2180AB1ADAA7}.Release|x64.Build.0 = Release|Any CPU
		{38BCBF0B-7E0B-41DF-BEE6-2180AB1ADAA7}.Release|x64.Deploy.0 = Release|Any CPU
		{38BCBF0B-7E0B-41DF-BEE6-2180AB1ADAA7}.Release|x86.ActiveCfg = Release|Any CPU
		{38BCBF0B-7E0B-41DF-BEE6-2180AB1ADAA7}.Release|x86.Build.0 = Release|Any CPU
		{38BCBF0B-7E0B-41DF-BEE6-2180AB1ADAA7}.Release|x86.Deploy.0 = Release|Any CPU
	EndGlobalSection
	GlobalSection(SolutionProperties) = preSolution
		HideSolutionNode = FALSE
	EndGlobalSection
	GlobalSection(ExtensibilityGlobals) = postSolution
		SolutionGuid = {FC19556D-9D1F-4D18-A13B-588FA02F4D00}
	EndGlobalSection
EndGlobal
